
Microsoft Visual Studio Solution File, Format Version 12.00
# Visual Studio Version 17
VisualStudioVersion = 17.8.34316.72
MinimumVisualStudioVersion = 10.0.40219.1
Project("{8BC9CEB8-8B4A-11D0-8D11-00A0C91BC942}") = "Lab-3-Andrey", "Lab-3-Andrey.vcxproj", "{67076A1D-35BB-4D10-A4C7-11DE7AF0C846}"
EndProject
Global
	GlobalSection(SolutionConfigurationPlatforms) = preSolution
		Debug|x64 = Debug|x64
		Debug|x86 = Debug|x86
		Release|x64 = Release|x64
		Release|x86 = Release|x86
	EndGlobalSection
	GlobalSection(ProjectConfigurationPlatforms) = postSolution
		{67076A1D-35BB-4D10-A4C7-11DE7AF0C846}.Debug|x64.ActiveCfg = Debug|x64
		{67076A1D-35BB-4D10-A4C7-11DE7AF0C846}.Debug|x64.Build.0 = Debug|x64
		{67076A1D-35BB-4D10-A4C7-11DE7AF0C846}.Debug|x86.ActiveCfg = Debug|Win32
		{67076A1D-35BB-4D10-A4C7-11DE7AF0C846}.Debug|x86.Build.0 = Debug|Win32
		{67076A1D-35BB-4D10-A4C7-11DE7AF0C846}.Release|x64.ActiveCfg = Release|x64
		{67076A1D-35BB-4D10-A4C7-11DE7AF0C846}.Release|x64.Build.0 = Release|x64
		{67076A1D-35BB-4D10-A4C7-11DE7AF0C846}.Release|x86.ActiveCfg = Release|Win32
		{67076A1D-35BB-4D10-A4C7-11DE7AF0C846}.Release|x86.Build.0 = Release|Win32
	EndGlobalSection
	GlobalSection(SolutionProperties) = preSolution
		HideSolutionNode = FALSE
	EndGlobalSection
	GlobalSection(ExtensibilityGlobals) = postSolution
		SolutionGuid = {9759608B-B767-4EA0-8DCC-7A70B148A63F}
	EndGlobalSection
EndGlobal
